
Microsoft Visual Studio Solution File, Format Version 10.00
# Visual Studio 2008
Project("{FAE04EC0-301F-11D3-BF4B-00C04F79EFBC}") = "irc_bot_v2.00", "IRCBotUI\irc_bot_v2.00.csproj", "{A3044AB5-3887-498C-910A-A993AFAFB2AE}"
EndProject
Project("{FAE04EC0-301F-11D3-BF4B-00C04F79EFBC}") = "IRCBotInterfaces", "IRCBotInterfaces\IRCBotInterfaces.csproj", "{EFB0F237-205C-4A35-87A9-0A362A86851F}"
EndProject
Global
	GlobalSection(SolutionConfigurationPlatforms) = preSolution
		Debug|Any CPU = Debug|Any CPU
		Release|Any CPU = Release|Any CPU
	EndGlobalSection
	GlobalSection(ProjectConfigurationPlatforms) = postSolution
		{A3044AB5-3887-498C-910A-A993AFAFB2AE}.Debug|Any CPU.ActiveCfg = Debug|Any CPU
		{A3044AB5-3887-498C-910A-A993AFAFB2AE}.Debug|Any CPU.Build.0 = Debug|Any CPU
		{A3044AB5-3887-498C-910A-A993AFAFB2AE}.Release|Any CPU.ActiveCfg = Release|Any CPU
		{A3044AB5-3887-498C-910A-A993AFAFB2AE}.Release|Any CPU.Build.0 = Release|Any CPU
		{EFB0F237-205C-4A35-87A9-0A362A86851F}.Debug|Any CPU.ActiveCfg = Debug|Any CPU
		{EFB0F237-205C-4A35-87A9-0A362A86851F}.Debug|Any CPU.Build.0 = Debug|Any CPU
		{EFB0F237-205C-4A35-87A9-0A362A86851F}.Release|Any CPU.ActiveCfg = Release|Any CPU
		{EFB0F237-205C-4A35-87A9-0A362A86851F}.Release|Any CPU.Build.0 = Release|Any CPU
	EndGlobalSection
	GlobalSection(SolutionProperties) = preSolution
		HideSolutionNode = FALSE
	EndGlobalSection
EndGlobal
