
Microsoft Visual Studio Solution File, Format Version 10.00
# Visual Studio 2008
Project("{FAE04EC0-301F-11D3-BF4B-00C04F79EFBC}") = "irc_bot_v2.00_ppc", "IRCBotUI\irc_bot_v2.00_ppc.csproj", "{4DE50FF7-5CFA-464F-ADF3-ECEC981D9518}"
EndProject
Project("{FAE04EC0-301F-11D3-BF4B-00C04F79EFBC}") = "IRCBotInterfaces_PPC", "IRCBotInterfaces\IRCBotInterfaces_PPC.csproj", "{F9EF701B-BD57-43DE-80E1-3A0AE3EEC404}"
EndProject
Global
	GlobalSection(SolutionConfigurationPlatforms) = preSolution
		Debug|Any CPU = Debug|Any CPU
		Release|Any CPU = Release|Any CPU
	EndGlobalSection
	GlobalSection(ProjectConfigurationPlatforms) = postSolution
		{4DE50FF7-5CFA-464F-ADF3-ECEC981D9518}.Debug|Any CPU.ActiveCfg = Debug|Any CPU
		{4DE50FF7-5CFA-464F-ADF3-ECEC981D9518}.Debug|Any CPU.Build.0 = Debug|Any CPU
		{4DE50FF7-5CFA-464F-ADF3-ECEC981D9518}.Debug|Any CPU.Deploy.0 = Debug|Any CPU
		{4DE50FF7-5CFA-464F-ADF3-ECEC981D9518}.Release|Any CPU.ActiveCfg = Release|Any CPU
		{4DE50FF7-5CFA-464F-ADF3-ECEC981D9518}.Release|Any CPU.Build.0 = Release|Any CPU
		{4DE50FF7-5CFA-464F-ADF3-ECEC981D9518}.Release|Any CPU.Deploy.0 = Release|Any CPU
		{F9EF701B-BD57-43DE-80E1-3A0AE3EEC404}.Debug|Any CPU.ActiveCfg = Debug|Any CPU
		{F9EF701B-BD57-43DE-80E1-3A0AE3EEC404}.Debug|Any CPU.Build.0 = Debug|Any CPU
		{F9EF701B-BD57-43DE-80E1-3A0AE3EEC404}.Release|Any CPU.ActiveCfg = Release|Any CPU
		{F9EF701B-BD57-43DE-80E1-3A0AE3EEC404}.Release|Any CPU.Build.0 = Release|Any CPU
	EndGlobalSection
	GlobalSection(SolutionProperties) = preSolution
		HideSolutionNode = FALSE
	EndGlobalSection
EndGlobal
